
Microsoft Visual Studio Solution File, Format Version 12.00
# Visual Studio Version 17
VisualStudioVersion = 17.14.36202.13 d17.14
MinimumVisualStudioVersion = 10.0.40219.1
Project("{FAE04EC0-301F-11D3-BF4B-00C04F79EFBC}") = "Practica", "Practica.csproj", "{BE51D9FD-F1E0-4D29-9DE3-C771E86BD09F}"
EndProject
Global
	GlobalSection(SolutionConfigurationPlatforms) = preSolution
		Debug|Any CPU = Debug|Any CPU
		Release|Any CPU = Release|Any CPU
	EndGlobalSection
	GlobalSection(ProjectConfigurationPlatforms) = postSolution
		{BE51D9FD-F1E0-4D29-9DE3-C771E86BD09F}.Debug|Any CPU.ActiveCfg = Debug|Any CPU
		{BE51D9FD-F1E0-4D29-9DE3-C771E86BD09F}.Debug|Any CPU.Build.0 = Debug|Any CPU
		{BE51D9FD-F1E0-4D29-9DE3-C771E86BD09F}.Release|Any CPU.ActiveCfg = Release|Any CPU
		{BE51D9FD-F1E0-4D29-9DE3-C771E86BD09F}.Release|Any CPU.Build.0 = Release|Any CPU
	EndGlobalSection
	GlobalSection(SolutionProperties) = preSolution
		HideSolutionNode = FALSE
	EndGlobalSection
	GlobalSection(ExtensibilityGlobals) = postSolution
		SolutionGuid = {3884B676-A348-49A1-A1B1-B208423F54F1}
	EndGlobalSection
EndGlobal
